{
  "originHash" : "94ae8479137b492c99963598e879992fae880e3ea39f70c818cfbcad92fd629b",
  "pins" : [
    {
      "identity" : "koboldlogging",
      "kind" : "remoteSourceControl",
      "location" : "https://github.com/oftheoldschool/KoboldLogging.git",
      "state" : {
        "revision" : "96d145e2e7de059bd9f2c2325a7f039db20ea872",
        "version" : "0.0.1"
      }
    }
  ],
  "version" : 3
}
