{
  "originHash" : "6bc48f903d9e82fff81db6db38050fa97cba8ed375b40e19f3f9b6f534e3f008",
  "pins" : [
    {
      "identity" : "koboldmathextensions",
      "kind" : "remoteSourceControl",
      "location" : "https://github.com/oftheoldschool/KoboldMathExtensions.git",
      "state" : {
        "revision" : "1ed3cab07fd33471c9983981931c99b5f5da37dd",
        "version" : "0.0.3"
      }
    }
  ],
  "version" : 3
}
